{
  "name": "credifacil",
  "lockfileVersion": 2,
  "requires": true,
  "packages": {
    "": {
      "dependencies": {
        "moment": "^2.29.4",
        "pikaday": "^1.8.0",
        "typescript": "^5.3.3"
      }
    },
    "node_modules/moment": {
      "version": "2.29.4",
      "resolved": "https://registry.npmjs.org/moment/-/moment-2.29.4.tgz",
      "integrity": "sha512-5LC9SOxjSc2HF6vO2CyuTDNivEdoz2IvyJJGj6X8DJ0eFyfszE0QiEd+iXmBvUP3WHxSjFH/vIsA0EN00cgr8w==",
      "engines": {
        "node": "*"
      }
    },
    "node_modules/pikaday": {
      "version": "1.8.0",
      "resolved": "https://registry.npmjs.org/pikaday/-/pikaday-1.8.0.tgz",
      "integrity": "sha512-SgGxMYX0NHj9oQnMaSyAipr2gOrbB4Lfs/TJTb6H6hRHs39/5c5VZi73Q8hr53+vWjdn6HzkWcj8Vtl3c9ziaA=="
    },
    "node_modules/typescript": {
      "version": "5.3.3",
      "resolved": "https://registry.npmjs.org/typescript/-/typescript-5.3.3.tgz",
      "integrity": "sha512-pXWcraxM0uxAS+tN0AG/BF2TyqmHO014Z070UsJ+pFvYuRSq8KH8DmWpnbXe0pEPDHXZV3FcAbJkijJ5oNEnWw==",
      "bin": {
        "tsc": "bin/tsc",
        "tsserver": "bin/tsserver"
      },
      "engines": {
        "node": ">=14.17"
      }
    }
  },
  "dependencies": {
    "moment": {
      "version": "2.29.4",
      "resolved": "https://registry.npmjs.org/moment/-/moment-2.29.4.tgz",
      "integrity": "sha512-5LC9SOxjSc2HF6vO2CyuTDNivEdoz2IvyJJGj6X8DJ0eFyfszE0QiEd+iXmBvUP3WHxSjFH/vIsA0EN00cgr8w=="
    },
    "pikaday": {
      "version": "1.8.0",
      "resolved": "https://registry.npmjs.org/pikaday/-/pikaday-1.8.0.tgz",
      "integrity": "sha512-SgGxMYX0NHj9oQnMaSyAipr2gOrbB4Lfs/TJTb6H6hRHs39/5c5VZi73Q8hr53+vWjdn6HzkWcj8Vtl3c9ziaA=="
    },
    "typescript": {
      "version": "5.3.3",
      "resolved": "https://registry.npmjs.org/typescript/-/typescript-5.3.3.tgz",
      "integrity": "sha512-pXWcraxM0uxAS+tN0AG/BF2TyqmHO014Z070UsJ+pFvYuRSq8KH8DmWpnbXe0pEPDHXZV3FcAbJkijJ5oNEnWw=="
    }
  }
}
